
Microsoft Visual Studio Solution File, Format Version 12.00
# Visual Studio Version 17
VisualStudioVersion = 17.13.35931.197
MinimumVisualStudioVersion = 10.0.40219.1
Project("{FAE04EC0-301F-11D3-BF4B-00C04F79EFBC}") = "Kutip-Smart", "WBL-Project-Assignment2025\Kutip-Smart.csproj", "{417FA372-F831-4637-A8DB-3DF4BC8627DF}"
EndProject
Global
	GlobalSection(SolutionConfigurationPlatforms) = preSolution
		Debug|Any CPU = Debug|Any CPU
		Release|Any CPU = Release|Any CPU
	EndGlobalSection
	GlobalSection(ProjectConfigurationPlatforms) = postSolution
		{417FA372-F831-4637-A8DB-3DF4BC8627DF}.Debug|Any CPU.ActiveCfg = Debug|Any CPU
		{417FA372-F831-4637-A8DB-3DF4BC8627DF}.Debug|Any CPU.Build.0 = Debug|Any CPU
		{417FA372-F831-4637-A8DB-3DF4BC8627DF}.Release|Any CPU.ActiveCfg = Release|Any CPU
		{417FA372-F831-4637-A8DB-3DF4BC8627DF}.Release|Any CPU.Build.0 = Release|Any CPU
	EndGlobalSection
	GlobalSection(SolutionProperties) = preSolution
		HideSolutionNode = FALSE
	EndGlobalSection
	GlobalSection(ExtensibilityGlobals) = postSolution
		SolutionGuid = {6FAB1725-3AEC-41D8-9899-FDA4708819E7}
	EndGlobalSection
EndGlobal
